// !$*UTF8*$!
{
	archiveVersion = 1;
	classes = {
	};
	objectVersion = 50;
	objects = {

/* Begin PBXBuildFile section */
		B489B0308D2C6B40646100B0 /* Pods_MultiCollect.framework in Frameworks */ = {isa = PBXBuildFile; fileRef = 58A6DA7548AE8782F4CBAC18 /* Pods_MultiCollect.framework */; };
		DB00729D2123DCBF00A60A97 /* Bellerose.ttf in Resources */ = {isa = PBXBuildFile; fileRef = DB00729C2123DCBF00A60A97 /* Bellerose.ttf */; };
		DB00729F2123FECF00A60A97 /* WelcomeController.swift in Sources */ = {isa = PBXBuildFile; fileRef = DB00729E2123FECF00A60A97 /* WelcomeController.swift */; };
		DB0072A12124256100A60A97 /* welcome_bg_dhlc.png in Resources */ = {isa = PBXBuildFile; fileRef = DB0072A02124256100A60A97 /* welcome_bg_dhlc.png */; };
		DB23805B20F347720072C98B /* AppDelegate.swift in Sources */ = {isa = PBXBuildFile; fileRef = DB23805A20F347720072C98B /* AppDelegate.swift */; };
		DB23805D20F347720072C98B /* ViewController.swift in Sources */ = {isa = PBXBuildFile; fileRef = DB23805C20F347720072C98B /* ViewController.swift */; };
		DB23806020F347720072C98B /* Main.storyboard in Resources */ = {isa = PBXBuildFile; fileRef = DB23805E20F347720072C98B /* Main.storyboard */; };
		DB23806220F347750072C98B /* Assets.xcassets in Resources */ = {isa = PBXBuildFile; fileRef = DB23806120F347750072C98B /* Assets.xcassets */; };
		DB23806520F347750072C98B /* LaunchScreen.storyboard in Resources */ = {isa = PBXBuildFile; fileRef = DB23806320F347750072C98B /* LaunchScreen.storyboard */; };
		DB23806D20F348320072C98B /* targetCellUnit.swift in Sources */ = {isa = PBXBuildFile; fileRef = DB23806C20F348320072C98B /* targetCellUnit.swift */; };
		DB2F1AC0211547800001B447 /* laichu1.sqlite in Resources */ = {isa = PBXBuildFile; fileRef = DB2F1ABF211547800001B447 /* laichu1.sqlite */; };
		DB2F1AC22118393F0001B447 /* M1.jpg in Resources */ = {isa = PBXBuildFile; fileRef = DB2F1AC12118393F0001B447 /* M1.jpg */; };
		DB2F1AC4211AE41E0001B447 /* bitscore.png in Resources */ = {isa = PBXBuildFile; fileRef = DB2F1AC3211AE41E0001B447 /* bitscore.png */; };
		DB2F1AC6211C2EB30001B447 /* framepng.png in Resources */ = {isa = PBXBuildFile; fileRef = DB2F1AC5211C2EB30001B447 /* framepng.png */; };
		DB2F1AC8211C2EFB0001B447 /* h_0033.png in Resources */ = {isa = PBXBuildFile; fileRef = DB2F1AC7211C2EFB0001B447 /* h_0033.png */; };
		DB47AEB620F4A5C400F563BE /* fromCellUnit.swift in Sources */ = {isa = PBXBuildFile; fileRef = DB47AEB520F4A5C400F563BE /* fromCellUnit.swift */; };
		DBCD26D521253386007BCFF2 /* btc_award.png in Resources */ = {isa = PBXBuildFile; fileRef = DBCD26D321253385007BCFF2 /* btc_award.png */; };
		DBCD26D621253386007BCFF2 /* award.png in Resources */ = {isa = PBXBuildFile; fileRef = DBCD26D421253385007BCFF2 /* award.png */; };
		DBCD26D821253793007BCFF2 /* welcome_bg_dhlc.png in Resources */ = {isa = PBXBuildFile; fileRef = DBCD26D721253792007BCFF2 /* welcome_bg_dhlc.png */; };
		DBDD3EC821228E8E006F571D /* ResultController.swift in Sources */ = {isa = PBXBuildFile; fileRef = DBDD3EC721228E8E006F571D /* ResultController.swift */; };
		DBDD3ECA2122AFF5006F571D /* btc_icon.png in Resources */ = {isa = PBXBuildFile; fileRef = DBDD3EC92122AFF5006F571D /* btc_icon.png */; };
		DBDD3ECC2122C28E006F571D /* ok_1.png in Resources */ = {isa = PBXBuildFile; fileRef = DBDD3ECB2122C28E006F571D /* ok_1.png */; };
/* End PBXBuildFile section */

/* Begin PBXFileReference section */
		0CB2F7D973B164B7BB6640E8 /* Pods-MultiCollect.release.xcconfig */ = {isa = PBXFileReference; includeInIndex = 1; lastKnownFileType = text.xcconfig; name = "Pods-MultiCollect.release.xcconfig"; path = "Pods/Target Support Files/Pods-MultiCollect/Pods-MultiCollect.release.xcconfig"; sourceTree = "<group>"; };
		58A6DA7548AE8782F4CBAC18 /* Pods_MultiCollect.framework */ = {isa = PBXFileReference; explicitFileType = wrapper.framework; includeInIndex = 0; path = Pods_MultiCollect.framework; sourceTree = BUILT_PRODUCTS_DIR; };
		A4E99B83DCD4328A19212AA9 /* Pods-MultiCollect.debug.xcconfig */ = {isa = PBXFileReference; includeInIndex = 1; lastKnownFileType = text.xcconfig; name = "Pods-MultiCollect.debug.xcconfig"; path = "Pods/Target Support Files/Pods-MultiCollect/Pods-MultiCollect.debug.xcconfig"; sourceTree = "<group>"; };
		DB00729C2123DCBF00A60A97 /* Bellerose.ttf */ = {isa = PBXFileReference; lastKnownFileType = file; path = Bellerose.ttf; sourceTree = "<group>"; };
		DB00729E2123FECF00A60A97 /* WelcomeController.swift */ = {isa = PBXFileReference; lastKnownFileType = sourcecode.swift; path = WelcomeController.swift; sourceTree = "<group>"; };
		DB0072A02124256100A60A97 /* welcome_bg_dhlc.png */ = {isa = PBXFileReference; lastKnownFileType = image.png; path = welcome_bg_dhlc.png; sourceTree = "<group>"; };
		DB23805720F347720072C98B /* MultiCollect.app */ = {isa = PBXFileReference; explicitFileType = wrapper.application; includeInIndex = 0; path = MultiCollect.app; sourceTree = BUILT_PRODUCTS_DIR; };
		DB23805A20F347720072C98B /* AppDelegate.swift */ = {isa = PBXFileReference; lastKnownFileType = sourcecode.swift; path = AppDelegate.swift; sourceTree = "<group>"; };
		DB23805C20F347720072C98B /* ViewController.swift */ = {isa = PBXFileReference; lastKnownFileType = sourcecode.swift; path = ViewController.swift; sourceTree = "<group>"; };
		DB23805F20F347720072C98B /* Base */ = {isa = PBXFileReference; lastKnownFileType = file.storyboard; name = Base; path = Base.lproj/Main.storyboard; sourceTree = "<group>"; };
		DB23806120F347750072C98B /* Assets.xcassets */ = {isa = PBXFileReference; lastKnownFileType = folder.assetcatalog; path = Assets.xcassets; sourceTree = "<group>"; };
		DB23806420F347750072C98B /* Base */ = {isa = PBXFileReference; lastKnownFileType = file.storyboard; name = Base; path = Base.lproj/LaunchScreen.storyboard; sourceTree = "<group>"; };
		DB23806620F347750072C98B /* Info.plist */ = {isa = PBXFileReference; lastKnownFileType = text.plist.xml; path = Info.plist; sourceTree = "<group>"; };
		DB23806C20F348320072C98B /* targetCellUnit.swift */ = {isa = PBXFileReference; lastKnownFileType = sourcecode.swift; path = targetCellUnit.swift; sourceTree = "<group>"; };
		DB2F1ABF211547800001B447 /* laichu1.sqlite */ = {isa = PBXFileReference; lastKnownFileType = file; path = laichu1.sqlite; sourceTree = SOURCE_ROOT; };
		DB2F1AC12118393F0001B447 /* M1.jpg */ = {isa = PBXFileReference; lastKnownFileType = image.jpeg; path = M1.jpg; sourceTree = "<group>"; };
		DB2F1AC3211AE41E0001B447 /* bitscore.png */ = {isa = PBXFileReference; lastKnownFileType = image.png; path = bitscore.png; sourceTree = "<group>"; };
		DB2F1AC5211C2EB30001B447 /* framepng.png */ = {isa = PBXFileReference; lastKnownFileType = image.png; path = framepng.png; sourceTree = "<group>"; };
		DB2F1AC7211C2EFB0001B447 /* h_0033.png */ = {isa = PBXFileReference; lastKnownFileType = image.png; path = h_0033.png; sourceTree = "<group>"; };
		DB47AEB520F4A5C400F563BE /* fromCellUnit.swift */ = {isa = PBXFileReference; lastKnownFileType = sourcecode.swift; path = fromCellUnit.swift; sourceTree = "<group>"; };
		DBCD26D321253385007BCFF2 /* btc_award.png */ = {isa = PBXFileReference; lastKnownFileType = image.png; path = btc_award.png; sourceTree = "<group>"; };
		DBCD26D421253385007BCFF2 /* award.png */ = {isa = PBXFileReference; lastKnownFileType = image.png; path = award.png; sourceTree = "<group>"; };
		DBCD26D721253792007BCFF2 /* welcome_bg_dhlc.png */ = {isa = PBXFileReference; lastKnownFileType = image.png; name = welcome_bg_dhlc.png; path = ../../../main/res/drawable/welcome_bg_dhlc.png; sourceTree = "<group>"; };
		DBDD3EC721228E8E006F571D /* ResultController.swift */ = {isa = PBXFileReference; lastKnownFileType = sourcecode.swift; path = ResultController.swift; sourceTree = "<group>"; };
		DBDD3EC92122AFF5006F571D /* btc_icon.png */ = {isa = PBXFileReference; lastKnownFileType = image.png; path = btc_icon.png; sourceTree = "<group>"; };
		DBDD3ECB2122C28E006F571D /* ok_1.png */ = {isa = PBXFileReference; lastKnownFileType = image.png; path = ok_1.png; sourceTree = "<group>"; };
/* End PBXFileReference section */

/* Begin PBXFrameworksBuildPhase section */
		DB23805420F347720072C98B /* Frameworks */ = {
			isa = PBXFrameworksBuildPhase;
			buildActionMask = 2147483647;
			files = (
				B489B0308D2C6B40646100B0 /* Pods_MultiCollect.framework in Frameworks */,
			);
			runOnlyForDeploymentPostprocessing = 0;
		};
/* End PBXFrameworksBuildPhase section */

/* Begin PBXGroup section */
		42620F7F39B8957C8FFBAB72 /* Frameworks */ = {
			isa = PBXGroup;
			children = (
				58A6DA7548AE8782F4CBAC18 /* Pods_MultiCollect.framework */,
			);
			name = Frameworks;
			sourceTree = "<group>";
		};
		6C93EC6C478F0D25BF4D1D71 /* Pods */ = {
			isa = PBXGroup;
			children = (
				A4E99B83DCD4328A19212AA9 /* Pods-MultiCollect.debug.xcconfig */,
				0CB2F7D973B164B7BB6640E8 /* Pods-MultiCollect.release.xcconfig */,
			);
			name = Pods;
			sourceTree = "<group>";
		};
		DB23804E20F347720072C98B = {
			isa = PBXGroup;
			children = (
				DB23805920F347720072C98B /* MultiCollect */,
				DB23805820F347720072C98B /* Products */,
				6C93EC6C478F0D25BF4D1D71 /* Pods */,
				42620F7F39B8957C8FFBAB72 /* Frameworks */,
			);
			sourceTree = "<group>";
		};
		DB23805820F347720072C98B /* Products */ = {
			isa = PBXGroup;
			children = (
				DB23805720F347720072C98B /* MultiCollect.app */,
			);
			name = Products;
			sourceTree = "<group>";
		};
		DB23805920F347720072C98B /* MultiCollect */ = {
			isa = PBXGroup;
			children = (
				DBCD26D721253792007BCFF2 /* welcome_bg_dhlc.png */,
				DBCD26D421253385007BCFF2 /* award.png */,
				DBCD26D321253385007BCFF2 /* btc_award.png */,
				DB0072A02124256100A60A97 /* welcome_bg_dhlc.png */,
				DB00729C2123DCBF00A60A97 /* Bellerose.ttf */,
				DBDD3ECB2122C28E006F571D /* ok_1.png */,
				DBDD3EC92122AFF5006F571D /* btc_icon.png */,
				DBDD3EC721228E8E006F571D /* ResultController.swift */,
				DB2F1ABF211547800001B447 /* laichu1.sqlite */,
				DB23805A20F347720072C98B /* AppDelegate.swift */,
				DB23805C20F347720072C98B /* ViewController.swift */,
				DB23805E20F347720072C98B /* Main.storyboard */,
				DB00729E2123FECF00A60A97 /* WelcomeController.swift */,
				DB23806C20F348320072C98B /* targetCellUnit.swift */,
				DB47AEB520F4A5C400F563BE /* fromCellUnit.swift */,
				DB23806120F347750072C98B /* Assets.xcassets */,
				DB2F1AC7211C2EFB0001B447 /* h_0033.png */,
				DB2F1AC3211AE41E0001B447 /* bitscore.png */,
				DB2F1AC12118393F0001B447 /* M1.jpg */,
				DB2F1AC5211C2EB30001B447 /* framepng.png */,
				DB23806320F347750072C98B /* LaunchScreen.storyboard */,
				DB23806620F347750072C98B /* Info.plist */,
			);
			path = MultiCollect;
			sourceTree = "<group>";
		};
/* End PBXGroup section */

/* Begin PBXNativeTarget section */
		DB23805620F347720072C98B /* MultiCollect */ = {
			isa = PBXNativeTarget;
			buildConfigurationList = DB23806920F347750072C98B /* Build configuration list for PBXNativeTarget "MultiCollect" */;
			buildPhases = (
				7067D489138E634F50DD1EA5 /* [CP] Check Pods Manifest.lock */,
				DB23805320F347720072C98B /* Sources */,
				DB23805420F347720072C98B /* Frameworks */,
				DB23805520F347720072C98B /* Resources */,
				0B21CC233D6C11D4E3FA0441 /* [CP] Embed Pods Frameworks */,
			);
			buildRules = (
			);
			dependencies = (
			);
			name = MultiCollect;
			productName = MultiCollect;
			productReference = DB23805720F347720072C98B /* MultiCollect.app */;
			productType = "com.apple.product-type.application";
		};
/* End PBXNativeTarget section */

/* Begin PBXProject section */
		DB23804F20F347720072C98B /* Project object */ = {
			isa = PBXProject;
			attributes = {
				LastSwiftUpdateCheck = 0930;
				LastUpgradeCheck = 0930;
				ORGANIZATIONNAME = "Posco ICT VN";
				TargetAttributes = {
					DB23805620F347720072C98B = {
						CreatedOnToolsVersion = 9.3.1;
					};
				};
			};
			buildConfigurationList = DB23805220F347720072C98B /* Build configuration list for PBXProject "MultiCollect" */;
			compatibilityVersion = "Xcode 9.3";
			developmentRegion = en;
			hasScannedForEncodings = 0;
			knownRegions = (
				en,
				Base,
			);
			mainGroup = DB23804E20F347720072C98B;
			productRefGroup = DB23805820F347720072C98B /* Products */;
			projectDirPath = "";
			projectRoot = "";
			targets = (
				DB23805620F347720072C98B /* MultiCollect */,
			);
		};
/* End PBXProject section */

/* Begin PBXResourcesBuildPhase section */
		DB23805520F347720072C98B /* Resources */ = {
			isa = PBXResourcesBuildPhase;
			buildActionMask = 2147483647;
			files = (
				DBCD26D521253386007BCFF2 /* btc_award.png in Resources */,
				DBCD26D821253793007BCFF2 /* welcome_bg_dhlc.png in Resources */,
				DB00729D2123DCBF00A60A97 /* Bellerose.ttf in Resources */,
				DB2F1AC4211AE41E0001B447 /* bitscore.png in Resources */,
				DBDD3ECC2122C28E006F571D /* ok_1.png in Resources */,
				DB2F1AC22118393F0001B447 /* M1.jpg in Resources */,
				DB0072A12124256100A60A97 /* welcome_bg_dhlc.png in Resources */,
				DB2F1AC8211C2EFB0001B447 /* h_0033.png in Resources */,
				DBCD26D621253386007BCFF2 /* award.png in Resources */,
				DB23806520F347750072C98B /* LaunchScreen.storyboard in Resources */,
				DB2F1AC0211547800001B447 /* laichu1.sqlite in Resources */,
				DBDD3ECA2122AFF5006F571D /* btc_icon.png in Resources */,
				DB2F1AC6211C2EB30001B447 /* framepng.png in Resources */,
				DB23806220F347750072C98B /* Assets.xcassets in Resources */,
				DB23806020F347720072C98B /* Main.storyboard in Resources */,
			);
			runOnlyForDeploymentPostprocessing = 0;
		};
/* End PBXResourcesBuildPhase section */

/* Begin PBXShellScriptBuildPhase section */
		0B21CC233D6C11D4E3FA0441 /* [CP] Embed Pods Frameworks */ = {
			isa = PBXShellScriptBuildPhase;
			buildActionMask = 2147483647;
			files = (
			);
			inputPaths = (
				"${SRCROOT}/Pods/Target Support Files/Pods-MultiCollect/Pods-MultiCollect-frameworks.sh",
				"${BUILT_PRODUCTS_DIR}/SQLite.swift/SQLite.framework",
			);
			name = "[CP] Embed Pods Frameworks";
			outputPaths = (
				"${TARGET_BUILD_DIR}/${FRAMEWORKS_FOLDER_PATH}/SQLite.framework",
			);
			runOnlyForDeploymentPostprocessing = 0;
			shellPath = /bin/sh;
			shellScript = "\"${SRCROOT}/Pods/Target Support Files/Pods-MultiCollect/Pods-MultiCollect-frameworks.sh\"\n";
			showEnvVarsInLog = 0;
		};
		7067D489138E634F50DD1EA5 /* [CP] Check Pods Manifest.lock */ = {
			isa = PBXShellScriptBuildPhase;
			buildActionMask = 2147483647;
			files = (
			);
			inputPaths = (
				"${PODS_PODFILE_DIR_PATH}/Podfile.lock",
				"${PODS_ROOT}/Manifest.lock",
			);
			name = "[CP] Check Pods Manifest.lock";
			outputPaths = (
				"$(DERIVED_FILE_DIR)/Pods-MultiCollect-checkManifestLockResult.txt",
			);
			runOnlyForDeploymentPostprocessing = 0;
			shellPath = /bin/sh;
			shellScript = "diff \"${PODS_PODFILE_DIR_PATH}/Podfile.lock\" \"${PODS_ROOT}/Manifest.lock\" > /dev/null\nif [ $? != 0 ] ; then\n    # print error to STDERR\n    echo \"error: The sandbox is not in sync with the Podfile.lock. Run 'pod install' or update your CocoaPods installation.\" >&2\n    exit 1\nfi\n# This output is used by Xcode 'outputs' to avoid re-running this script phase.\necho \"SUCCESS\" > \"${SCRIPT_OUTPUT_FILE_0}\"\n";
			showEnvVarsInLog = 0;
		};
/* End PBXShellScriptBuildPhase section */

/* Begin PBXSourcesBuildPhase section */
		DB23805320F347720072C98B /* Sources */ = {
			isa = PBXSourcesBuildPhase;
			buildActionMask = 2147483647;
			files = (
				DB00729F2123FECF00A60A97 /* WelcomeController.swift in Sources */,
				DB23806D20F348320072C98B /* targetCellUnit.swift in Sources */,
				DB47AEB620F4A5C400F563BE /* fromCellUnit.swift in Sources */,
				DBDD3EC821228E8E006F571D /* ResultController.swift in Sources */,
				DB23805D20F347720072C98B /* ViewController.swift in Sources */,
				DB23805B20F347720072C98B /* AppDelegate.swift in Sources */,
			);
			runOnlyForDeploymentPostprocessing = 0;
		};
/* End PBXSourcesBuildPhase section */

/* Begin PBXVariantGroup section */
		DB23805E20F347720072C98B /* Main.storyboard */ = {
			isa = PBXVariantGroup;
			children = (
				DB23805F20F347720072C98B /* Base */,
			);
			name = Main.storyboard;
			sourceTree = "<group>";
		};
		DB23806320F347750072C98B /* LaunchScreen.storyboard */ = {
			isa = PBXVariantGroup;
			children = (
				DB23806420F347750072C98B /* Base */,
			);
			name = LaunchScreen.storyboard;
			sourceTree = "<group>";
		};
/* End PBXVariantGroup section */

/* Begin XCBuildConfiguration section */
		DB23806720F347750072C98B /* Debug */ = {
			isa = XCBuildConfiguration;
			buildSettings = {
				ALWAYS_SEARCH_USER_PATHS = NO;
				CLANG_ANALYZER_NONNULL = YES;
				CLANG_ANALYZER_NUMBER_OBJECT_CONVERSION = YES_AGGRESSIVE;
				CLANG_CXX_LANGUAGE_STANDARD = "gnu++14";
				CLANG_CXX_LIBRARY = "libc++";
				CLANG_ENABLE_MODULES = YES;
				CLANG_ENABLE_OBJC_ARC = YES;
				CLANG_ENABLE_OBJC_WEAK = YES;
				CLANG_WARN_BLOCK_CAPTURE_AUTORELEASING = YES;
				CLANG_WARN_BOOL_CONVERSION = YES;
				CLANG_WARN_COMMA = YES;
				CLANG_WARN_CONSTANT_CONVERSION = YES;
				CLANG_WARN_DEPRECATED_OBJC_IMPLEMENTATIONS = YES;
				CLANG_WARN_DIRECT_OBJC_ISA_USAGE = YES_ERROR;
				CLANG_WARN_DOCUMENTATION_COMMENTS = YES;
				CLANG_WARN_EMPTY_BODY = YES;
				CLANG_WARN_ENUM_CONVERSION = YES;
				CLANG_WARN_INFINITE_RECURSION = YES;
				CLANG_WARN_INT_CONVERSION = YES;
				CLANG_WARN_NON_LITERAL_NULL_CONVERSION = YES;
				CLANG_WARN_OBJC_IMPLICIT_RETAIN_SELF = YES;
				CLANG_WARN_OBJC_LITERAL_CONVERSION = YES;
				CLANG_WARN_OBJC_ROOT_CLASS = YES_ERROR;
				CLANG_WARN_RANGE_LOOP_ANALYSIS = YES;
				CLANG_WARN_STRICT_PROTOTYPES = YES;
				CLANG_WARN_SUSPICIOUS_MOVE = YES;
				CLANG_WARN_UNGUARDED_AVAILABILITY = YES_AGGRESSIVE;
				CLANG_WARN_UNREACHABLE_CODE = YES;
				CLANG_WARN__DUPLICATE_METHOD_MATCH = YES;
				CODE_SIGN_IDENTITY = "iPhone Developer";
				COPY_PHASE_STRIP = NO;
				DEBUG_INFORMATION_FORMAT = dwarf;
				ENABLE_STRICT_OBJC_MSGSEND = YES;
				ENABLE_TESTABILITY = YES;
				GCC_C_LANGUAGE_STANDARD = gnu11;
				GCC_DYNAMIC_NO_PIC = NO;
				GCC_NO_COMMON_BLOCKS = YES;
				GCC_OPTIMIZATION_LEVEL = 0;
				GCC_PREPROCESSOR_DEFINITIONS = (
					"DEBUG=1",
					"$(inherited)",
				);
				GCC_WARN_64_TO_32_BIT_CONVERSION = YES;
				GCC_WARN_ABOUT_RETURN_TYPE = YES_ERROR;
				GCC_WARN_UNDECLARED_SELECTOR = YES;
				GCC_WARN_UNINITIALIZED_AUTOS = YES_AGGRESSIVE;
				GCC_WARN_UNUSED_FUNCTION = YES;
				GCC_WARN_UNUSED_VARIABLE = YES;
				IPHONEOS_DEPLOYMENT_TARGET = 11.3;
				MTL_ENABLE_DEBUG_INFO = YES;
				ONLY_ACTIVE_ARCH = YES;
				SDKROOT = iphoneos;
				SWIFT_ACTIVE_COMPILATION_CONDITIONS = DEBUG;
				SWIFT_OPTIMIZATION_LEVEL = "-Onone";
				SWIFT_VERSION = 4.0;
			};
			name = Debug;
		};
		DB23806820F347750072C98B /* Release */ = {
			isa = XCBuildConfiguration;
			buildSettings = {
				ALWAYS_SEARCH_USER_PATHS = NO;
				CLANG_ANALYZER_NONNULL = YES;
				CLANG_ANALYZER_NUMBER_OBJECT_CONVERSION = YES_AGGRESSIVE;
				CLANG_CXX_LANGUAGE_STANDARD = "gnu++14";
				CLANG_CXX_LIBRARY = "libc++";
				CLANG_ENABLE_MODULES = YES;
				CLANG_ENABLE_OBJC_ARC = YES;
				CLANG_ENABLE_OBJC_WEAK = YES;
				CLANG_WARN_BLOCK_CAPTURE_AUTORELEASING = YES;
				CLANG_WARN_BOOL_CONVERSION = YES;
				CLANG_WARN_COMMA = YES;
				CLANG_WARN_CONSTANT_CONVERSION = YES;
				CLANG_WARN_DEPRECATED_OBJC_IMPLEMENTATIONS = YES;
				CLANG_WARN_DIRECT_OBJC_ISA_USAGE = YES_ERROR;
				CLANG_WARN_DOCUMENTATION_COMMENTS = YES;
				CLANG_WARN_EMPTY_BODY = YES;
				CLANG_WARN_ENUM_CONVERSION = YES;
				CLANG_WARN_INFINITE_RECURSION = YES;
				CLANG_WARN_INT_CONVERSION = YES;
				CLANG_WARN_NON_LITERAL_NULL_CONVERSION = YES;
				CLANG_WARN_OBJC_IMPLICIT_RETAIN_SELF = YES;
				CLANG_WARN_OBJC_LITERAL_CONVERSION = YES;
				CLANG_WARN_OBJC_ROOT_CLASS = YES_ERROR;
				CLANG_WARN_RANGE_LOOP_ANALYSIS = YES;
				CLANG_WARN_STRICT_PROTOTYPES = YES;
				CLANG_WARN_SUSPICIOUS_MOVE = YES;
				CLANG_WARN_UNGUARDED_AVAILABILITY = YES_AGGRESSIVE;
				CLANG_WARN_UNREACHABLE_CODE = YES;
				CLANG_WARN__DUPLICATE_METHOD_MATCH = YES;
				CODE_SIGN_IDENTITY = "iPhone Developer";
				COPY_PHASE_STRIP = NO;
				DEBUG_INFORMATION_FORMAT = "dwarf-with-dsym";
				ENABLE_NS_ASSERTIONS = NO;
				ENABLE_STRICT_OBJC_MSGSEND = YES;
				GCC_C_LANGUAGE_STANDARD = gnu11;
				GCC_NO_COMMON_BLOCKS = YES;
				GCC_WARN_64_TO_32_BIT_CONVERSION = YES;
				GCC_WARN_ABOUT_RETURN_TYPE = YES_ERROR;
				GCC_WARN_UNDECLARED_SELECTOR = YES;
				GCC_WARN_UNINITIALIZED_AUTOS = YES_AGGRESSIVE;
				GCC_WARN_UNUSED_FUNCTION = YES;
				GCC_WARN_UNUSED_VARIABLE = YES;
				IPHONEOS_DEPLOYMENT_TARGET = 11.3;
				MTL_ENABLE_DEBUG_INFO = NO;
				SDKROOT = iphoneos;
				SWIFT_COMPILATION_MODE = wholemodule;
				SWIFT_OPTIMIZATION_LEVEL = "-O";
				SWIFT_VERSION = 4.0;
				VALIDATE_PRODUCT = YES;
			};
			name = Release;
		};
		DB23806A20F347750072C98B /* Debug */ = {
			isa = XCBuildConfiguration;
			baseConfigurationReference = A4E99B83DCD4328A19212AA9 /* Pods-MultiCollect.debug.xcconfig */;
			buildSettings = {
				ASSETCATALOG_COMPILER_APPICON_NAME = AppIcon;
				CODE_SIGN_STYLE = Automatic;
				INFOPLIST_FILE = MultiCollect/Info.plist;
				LD_RUNPATH_SEARCH_PATHS = (
					"$(inherited)",
					"@executable_path/Frameworks",
				);
				PRODUCT_BUNDLE_IDENTIFIER = com.posco.ictvn.MultiCollect;
				PRODUCT_NAME = "$(TARGET_NAME)";
				SWIFT_VERSION = 4.0;
				TARGETED_DEVICE_FAMILY = "1,2";
			};
			name = Debug;
		};
		DB23806B20F347750072C98B /* Release */ = {
			isa = XCBuildConfiguration;
			baseConfigurationReference = 0CB2F7D973B164B7BB6640E8 /* Pods-MultiCollect.release.xcconfig */;
			buildSettings = {
				ASSETCATALOG_COMPILER_APPICON_NAME = AppIcon;
				CODE_SIGN_STYLE = Automatic;
				INFOPLIST_FILE = MultiCollect/Info.plist;
				LD_RUNPATH_SEARCH_PATHS = (
					"$(inherited)",
					"@executable_path/Frameworks",
				);
				PRODUCT_BUNDLE_IDENTIFIER = com.posco.ictvn.MultiCollect;
				PRODUCT_NAME = "$(TARGET_NAME)";
				SWIFT_VERSION = 4.0;
				TARGETED_DEVICE_FAMILY = "1,2";
			};
			name = Release;
		};
/* End XCBuildConfiguration section */

/* Begin XCConfigurationList section */
		DB23805220F347720072C98B /* Build configuration list for PBXProject "MultiCollect" */ = {
			isa = XCConfigurationList;
			buildConfigurations = (
				DB23806720F347750072C98B /* Debug */,
				DB23806820F347750072C98B /* Release */,
			);
			defaultConfigurationIsVisible = 0;
			defaultConfigurationName = Release;
		};
		DB23806920F347750072C98B /* Build configuration list for PBXNativeTarget "MultiCollect" */ = {
			isa = XCConfigurationList;
			buildConfigurations = (
				DB23806A20F347750072C98B /* Debug */,
				DB23806B20F347750072C98B /* Release */,
			);
			defaultConfigurationIsVisible = 0;
			defaultConfigurationName = Release;
		};
/* End XCConfigurationList section */
	};
	rootObject = DB23804F20F347720072C98B /* Project object */;
}
